
Microsoft Visual Studio Solution File, Format Version 12.00
# Visual Studio 2015
Project("{FAE04EC0-301F-11D3-BF4B-00C04F79EFBC}") = "ShieldControls", "ShieldControls.csproj", "{FE881F02-8508-CC57-9F76-43A9464D6B61}"
EndProject
Global
	GlobalSection(SolutionConfigurationPlatforms) = preSolution
		Debug|Any CPU = Debug|Any CPU
		Release|Any CPU = Release|Any CPU
	EndGlobalSection
	GlobalSection(ProjectConfigurationPlatforms) = postSolution
		{FE881F02-8508-CC57-9F76-43A9464D6B61}.Debug|Any CPU.ActiveCfg = Debug|Any CPU
		{FE881F02-8508-CC57-9F76-43A9464D6B61}.Debug|Any CPU.Build.0 = Debug|Any CPU
		{FE881F02-8508-CC57-9F76-43A9464D6B61}.Release|Any CPU.ActiveCfg = Release|Any CPU
		{FE881F02-8508-CC57-9F76-43A9464D6B61}.Release|Any CPU.Build.0 = Release|Any CPU
	EndGlobalSection
	GlobalSection(SolutionProperties) = preSolution
		HideSolutionNode = FALSE
	EndGlobalSection
EndGlobal
